{
  "version": 4,
  "terraform_version": "1.1.5",
  "serial": 3,
  "lineage": "6b7b58fc-06c2-3da9-3801-607864f6cd52",
  "outputs": {
    "private_ip": {
      "value": "172.31.26.209",
      "type": "string"
    },
    "public_ip": {
      "value": "18.184.219.210",
      "type": "string"
    }
  },
  "resources": [
    {
      "mode": "managed",
      "type": "aws_instance",
      "name": "webserver",
      "provider": "provider[\"registry.terraform.io/hashicorp/aws\"]",
      "instances": [
        {
          "schema_version": 1,
          "attributes": {
            "ami": "ami-0cd855c8009cb26ef",
            "arn": "arn:aws:ec2:eu-central-1:190722613764:instance/i-08295df4e03828d83",
            "associate_public_ip_address": true,
            "availability_zone": "eu-central-1a",
            "capacity_reservation_specification": [
              {
                "capacity_reservation_preference": "open",
                "capacity_reservation_target": []
              }
            ],
            "cpu_core_count": 1,
            "cpu_threads_per_core": 1,
            "credit_specification": [
              {
                "cpu_credits": "standard"
              }
            ],
            "disable_api_termination": false,
            "ebs_block_device": [],
            "ebs_optimized": false,
            "enclave_options": [
              {
                "enabled": false
              }
            ],
            "ephemeral_block_device": [],
            "get_password_data": false,
            "hibernation": false,
            "host_id": null,
            "iam_instance_profile": "",
            "id": "i-08295df4e03828d83",
            "instance_initiated_shutdown_behavior": "stop",
            "instance_state": "running",
            "instance_type": "t2.micro",
            "ipv6_address_count": 0,
            "ipv6_addresses": [],
            "key_name": "",
            "launch_template": [],
            "metadata_options": [
              {
                "http_endpoint": "enabled",
                "http_put_response_hop_limit": 1,
                "http_tokens": "optional",
                "instance_metadata_tags": "disabled"
              }
            ],
            "monitoring": false,
            "network_interface": [],
            "outpost_arn": "",
            "password_data": "",
            "placement_group": "",
            "placement_partition_number": null,
            "primary_network_interface_id": "eni-06f70d1711274a939",
            "private_dns": "ip-172-31-26-209.eu-central-1.compute.internal",
            "private_ip": "172.31.26.209",
            "public_dns": "ec2-18-184-219-210.eu-central-1.compute.amazonaws.com",
            "public_ip": "18.184.219.210",
            "root_block_device": [
              {
                "delete_on_termination": true,
                "device_name": "/dev/xvda",
                "encrypted": false,
                "iops": 100,
                "kms_key_id": "",
                "tags": {},
                "throughput": 0,
                "volume_id": "vol-062aa5c45963aaeea",
                "volume_size": 8,
                "volume_type": "gp2"
              }
            ],
            "secondary_private_ips": [],
            "security_groups": [
              "web-access20220217081227529600000001"
            ],
            "source_dest_check": true,
            "subnet_id": "subnet-b5dc30df",
            "tags": {
              "Name": "Tim's Webserver",
              "Owner": "\u003cXXX\u003e",
              "Project": "Paint elephants pink",
              "cost_center": "6310"
            },
            "tags_all": {
              "Name": "Tim's Webserver",
              "Owner": "\u003cXXX\u003e",
              "Project": "Paint elephants pink",
              "cost_center": "6310"
            },
            "tenancy": "default",
            "timeouts": null,
            "user_data": "52dfd6af5eda837dc57f828aa762d7a86610eafe",
            "user_data_base64": null,
            "volume_tags": null,
            "vpc_security_group_ids": [
              "sg-0098b1d6dfe5bff77"
            ]
          },
          "sensitive_attributes": [],
          "private": "eyJlMmJmYjczMC1lY2FhLTExZTYtOGY4OC0zNDM2M2JjN2M0YzAiOnsiY3JlYXRlIjo2MDAwMDAwMDAwMDAsImRlbGV0ZSI6MTIwMDAwMDAwMDAwMCwidXBkYXRlIjo2MDAwMDAwMDAwMDB9LCJzY2hlbWFfdmVyc2lvbiI6IjEifQ==",
          "dependencies": [
            "aws_security_group.web"
          ]
        }
      ]
    },
    {
      "mode": "managed",
      "type": "aws_security_group",
      "name": "web",
      "provider": "provider[\"registry.terraform.io/hashicorp/aws\"]",
      "instances": [
        {
          "schema_version": 1,
          "attributes": {
            "arn": "arn:aws:ec2:eu-central-1:190722613764:security-group/sg-0098b1d6dfe5bff77",
            "description": "Allow access to the server from the web",
            "egress": [
              {
                "cidr_blocks": [
                  "0.0.0.0/0"
                ],
                "description": "",
                "from_port": 0,
                "ipv6_cidr_blocks": [],
                "prefix_list_ids": [],
                "protocol": "-1",
                "security_groups": [],
                "self": false,
                "to_port": 0
              }
            ],
            "id": "sg-0098b1d6dfe5bff77",
            "ingress": [
              {
                "cidr_blocks": [
                  "0.0.0.0/0"
                ],
                "description": "",
                "from_port": 80,
                "ipv6_cidr_blocks": [],
                "prefix_list_ids": [],
                "protocol": "tcp",
                "security_groups": [],
                "self": false,
                "to_port": 80
              }
            ],
            "name": "web-access20220217081227529600000001",
            "name_prefix": "web-access",
            "owner_id": "190722613764",
            "revoke_rules_on_delete": false,
            "tags": {
              "Name": "web-access"
            },
            "tags_all": {
              "Name": "web-access"
            },
            "timeouts": null,
            "vpc_id": "vpc-c44145af"
          },
          "sensitive_attributes": [],
          "private": "eyJlMmJmYjczMC1lY2FhLTExZTYtOGY4OC0zNDM2M2JjN2M0YzAiOnsiY3JlYXRlIjo2MDAwMDAwMDAwMDAsImRlbGV0ZSI6OTAwMDAwMDAwMDAwfSwic2NoZW1hX3ZlcnNpb24iOiIxIn0="
        }
      ]
    }
  ]
}
